<Solution>
  <Project Path="bank exception/bank exception.csproj" Id="bd8141cd-43a7-4ddf-aebe-7d59a0d53ed5" />
  <Project Path="day 8/day 8.csproj" Id="f82eea70-7d0b-447a-a09a-9ba5573c232e" />
  <Project Path="delegate add/delegate add.csproj" Id="aff6e8f1-f9f3-40b2-bf5d-cc6647bb9b5d" />
  <Project Path="display/order management.csproj" Id="fbb62d00-f5ec-4986-a8c8-ba7b531116d1" />
  <Project Path="exception age/exception age.csproj" Id="9aadbd2d-82f9-4327-94ab-4370f3e9fed3" />
  <Project Path="exception negative/exception negative.csproj" Id="3eedc6b5-8c5c-4ab8-afe0-47091259cb39" />
  <Project Path="input from user/input from user.csproj" />
  <Project Path="inventory/inventory.csproj" Id="889e1bab-a681-448f-a4c8-b2599687e25a" />
  <Project Path="linear searching/linear searching.csproj" Id="7e823756-be41-473a-9cb9-34b094107d2f" />
  <Project Path="order management system/order management system.csproj" Id="d7090193-f34e-4f64-a456-b8cf5a66f158" />
  <Project Path="Social Media Platform/Social Media Platform.csproj" Id="b448bc52-3154-4ae3-a02b-3c77d03eeb56" />
  <Project Path="stopwatch/stopwatch.csproj" Id="37e5813a-0803-47aa-8b6a-fbe2c4671271" />
  <Project Path="user input 2/user input 2.csproj" Id="6569354a-bc17-4a6e-8146-ff8a059d2b98" />
</Solution>
