<Solution>
  <Project Path="display/order management.csproj" Id="fbb62d00-f5ec-4986-a8c8-ba7b531116d1" />
  <Project Path="exception age/exception age.csproj" Id="9aadbd2d-82f9-4327-94ab-4370f3e9fed3" />
  <Project Path="input from user/input from user.csproj" />
  <Project Path="order management system/order management system.csproj" Id="d7090193-f34e-4f64-a456-b8cf5a66f158" />
  <Project Path="Social Media Platform/Social Media Platform.csproj" Id="b448bc52-3154-4ae3-a02b-3c77d03eeb56" />
  <Project Path="user input 2/user input 2.csproj" Id="6569354a-bc17-4a6e-8146-ff8a059d2b98" />
</Solution>
